{
  "name": "backend-e2e",
  "version": "0.0.0",
  "lockfileVersion": 2,
  "requires": true,
  "packages": {
    "": {
      "name": "backend-e2e",
      "version": "0.0.0",
      "license": "MIT",
      "devDependencies": {
        "@playwright/test": "1.23.0",
        "wiremock-captain": "3.0.1"
      }
    },
    "node_modules/@playwright/test": {
      "version": "1.23.0",
      "resolved": "https://registry.npmjs.org/@playwright/test/-/test-1.23.0.tgz",
      "integrity": "sha512-RPWI8AHBVBiDyfTuxi1BhOaY3yaVy3S5ZsGKkSGGeWpZtSgN4SerInCYvgh9+EunIAK4RJQo+bzupbAn5pVqHQ==",
      "dev": true,
      "dependencies": {
        "@types/node": "*",
        "playwright-core": "1.23.0"
      },
      "bin": {
        "playwright": "cli.js"
      },
      "engines": {
        "node": ">=14"
      }
    },
    "node_modules/@types/node": {
      "version": "18.0.0",
      "resolved": "https://registry.npmjs.org/@types/node/-/node-18.0.0.tgz",
      "integrity": "sha512-cHlGmko4gWLVI27cGJntjs/Sj8th9aYwplmZFwmmgYQQvL5NUsgVJG7OddLvNfLqYS31KFN0s3qlaD9qCaxACA==",
      "dev": true
    },
    "node_modules/axios": {
      "version": "0.26.1",
      "resolved": "https://registry.npmjs.org/axios/-/axios-0.26.1.tgz",
      "integrity": "sha512-fPwcX4EvnSHuInCMItEhAGnaSEXRBjtzh9fOtsE6E1G6p7vl7edEeZe11QHf18+6+9gR5PbKV/sGKNaD8YaMeA==",
      "dev": true,
      "dependencies": {
        "follow-redirects": "^1.14.8"
      }
    },
    "node_modules/follow-redirects": {
      "version": "1.14.9",
      "resolved": "https://registry.npmjs.org/follow-redirects/-/follow-redirects-1.14.9.tgz",
      "integrity": "sha512-MQDfihBQYMcyy5dhRDJUHcw7lb2Pv/TuE6xP1vyraLukNDHKbDxDNaOE3NbCAdKQApno+GPRyo1YAp89yCjK4w==",
      "dev": true,
      "funding": [
        {
          "type": "individual",
          "url": "https://github.com/sponsors/RubenVerborgh"
        }
      ],
      "engines": {
        "node": ">=4.0"
      },
      "peerDependenciesMeta": {
        "debug": {
          "optional": true
        }
      }
    },
    "node_modules/playwright-core": {
      "version": "1.23.0",
      "resolved": "https://registry.npmjs.org/playwright-core/-/playwright-core-1.23.0.tgz",
      "integrity": "sha512-Zzhyr5RZGoJ1ek2sgfJCt2076kdOg8hnNwFBqAYeLySiutXyxSQk93vZ5gbnFiWV1sHvueCcwla9n35acUTxtA==",
      "dev": true,
      "bin": {
        "playwright": "cli.js"
      },
      "engines": {
        "node": ">=14"
      }
    },
    "node_modules/wiremock-captain": {
      "version": "3.0.1",
      "resolved": "https://registry.npmjs.org/wiremock-captain/-/wiremock-captain-3.0.1.tgz",
      "integrity": "sha512-acH8u5ILH8w/3cC1lgguSgva08m9xvLqhtH5HA9HHBD52Y2BrccrROx54k3eYnFUs0yO4kgpy2ADl+qAt4Cqfg==",
      "dev": true,
      "dependencies": {
        "axios": "0.26.1"
      },
      "engines": {
        "node": ">=14.19.0",
        "npm": ">=6.14.16"
      }
    }
  },
  "dependencies": {
    "@playwright/test": {
      "version": "1.23.0",
      "resolved": "https://registry.npmjs.org/@playwright/test/-/test-1.23.0.tgz",
      "integrity": "sha512-RPWI8AHBVBiDyfTuxi1BhOaY3yaVy3S5ZsGKkSGGeWpZtSgN4SerInCYvgh9+EunIAK4RJQo+bzupbAn5pVqHQ==",
      "dev": true,
      "requires": {
        "@types/node": "*",
        "playwright-core": "1.23.0"
      }
    },
    "@types/node": {
      "version": "18.0.0",
      "resolved": "https://registry.npmjs.org/@types/node/-/node-18.0.0.tgz",
      "integrity": "sha512-cHlGmko4gWLVI27cGJntjs/Sj8th9aYwplmZFwmmgYQQvL5NUsgVJG7OddLvNfLqYS31KFN0s3qlaD9qCaxACA==",
      "dev": true
    },
    "axios": {
      "version": "0.26.1",
      "resolved": "https://registry.npmjs.org/axios/-/axios-0.26.1.tgz",
      "integrity": "sha512-fPwcX4EvnSHuInCMItEhAGnaSEXRBjtzh9fOtsE6E1G6p7vl7edEeZe11QHf18+6+9gR5PbKV/sGKNaD8YaMeA==",
      "dev": true,
      "requires": {
        "follow-redirects": "^1.14.8"
      }
    },
    "follow-redirects": {
      "version": "1.14.9",
      "resolved": "https://registry.npmjs.org/follow-redirects/-/follow-redirects-1.14.9.tgz",
      "integrity": "sha512-MQDfihBQYMcyy5dhRDJUHcw7lb2Pv/TuE6xP1vyraLukNDHKbDxDNaOE3NbCAdKQApno+GPRyo1YAp89yCjK4w==",
      "dev": true
    },
    "playwright-core": {
      "version": "1.23.0",
      "resolved": "https://registry.npmjs.org/playwright-core/-/playwright-core-1.23.0.tgz",
      "integrity": "sha512-Zzhyr5RZGoJ1ek2sgfJCt2076kdOg8hnNwFBqAYeLySiutXyxSQk93vZ5gbnFiWV1sHvueCcwla9n35acUTxtA==",
      "dev": true
    },
    "wiremock-captain": {
      "version": "3.0.1",
      "resolved": "https://registry.npmjs.org/wiremock-captain/-/wiremock-captain-3.0.1.tgz",
      "integrity": "sha512-acH8u5ILH8w/3cC1lgguSgva08m9xvLqhtH5HA9HHBD52Y2BrccrROx54k3eYnFUs0yO4kgpy2ADl+qAt4Cqfg==",
      "dev": true,
      "requires": {
        "axios": "0.26.1"
      }
    }
  }
}
